
Microsoft Visual Studio Solution File, Format Version 12.00
# Visual Studio Version 17
VisualStudioVersion = 17.9.34728.123
MinimumVisualStudioVersion = 10.0.40219.1
Project("{FAE04EC0-301F-11D3-BF4B-00C04F79EFBC}") = "ImageViewer", "ImageViewer\ImageViewer.csproj", "{1E8198D9-E244-4FF7-B482-677F4312F3DC}"
EndProject
Global
	GlobalSection(SolutionConfigurationPlatforms) = preSolution
		Debug|Any CPU = Debug|Any CPU
		Release|Any CPU = Release|Any CPU
	EndGlobalSection
	GlobalSection(ProjectConfigurationPlatforms) = postSolution
		{1E8198D9-E244-4FF7-B482-677F4312F3DC}.Debug|Any CPU.ActiveCfg = Debug|Any CPU
		{1E8198D9-E244-4FF7-B482-677F4312F3DC}.Debug|Any CPU.Build.0 = Debug|Any CPU
		{1E8198D9-E244-4FF7-B482-677F4312F3DC}.Release|Any CPU.ActiveCfg = Release|Any CPU
		{1E8198D9-E244-4FF7-B482-677F4312F3DC}.Release|Any CPU.Build.0 = Release|Any CPU
	EndGlobalSection
	GlobalSection(SolutionProperties) = preSolution
		HideSolutionNode = FALSE
	EndGlobalSection
	GlobalSection(ExtensibilityGlobals) = postSolution
		SolutionGuid = {F6135888-79BE-4A44-8CDC-5A6393B4C8BD}
	EndGlobalSection
EndGlobal
